Microsoft Visual Studio Solution File, Format Version 12.00
# Visual Studio Version 17
VisualStudioVersion = 17.13.35825.156
MinimumVisualStudioVersion = 10.0.40219.1
Project("{FAE04EC0-301F-11D3-BF4B-00C04F79EFBC}") = "FilmRadar", "FilmRadar.csproj", "{97691625-0FF1-4EEE-AFA0-6A3A83046BBB}"
EndProject
Project("{FAE04EC0-301F-11D3-BF4B-00C04F79EFBC}") = "DataAccessLayer", "DataAccessLayer\DataAccessLayer.csproj", "{782C3918-36E2-41CC-8694-BD179C857886}"
EndProject
Global
	GlobalSection(SolutionConfigurationPlatforms) = preSolution
		Debug|Any CPU = Debug|Any CPU
		Release|Any CPU = Release|Any CPU
	EndGlobalSection
	GlobalSection(ProjectConfigurationPlatforms) = postSolution
		{97691625-0FF1-4EEE-AFA0-6A3A83046BBB}.Debug|Any CPU.ActiveCfg = Debug|Any CPU
		{97691625-0FF1-4EEE-AFA0-6A3A83046BBB}.Debug|Any CPU.Build.0 = Debug|Any CPU
		{97691625-0FF1-4EEE-AFA0-6A3A83046BBB}.Release|Any CPU.ActiveCfg = Release|Any CPU
		{97691625-0FF1-4EEE-AFA0-6A3A83046BBB}.Release|Any CPU.Build.0 = Release|Any CPU
		{782C3918-36E2-41CC-8694-BD179C857886}.Debug|Any CPU.ActiveCfg = Debug|Any CPU
		{782C3918-36E2-41CC-8694-BD179C857886}.Debug|Any CPU.Build.0 = Debug|Any CPU
		{782C3918-36E2-41CC-8694-BD179C857886}.Release|Any CPU.ActiveCfg = Release|Any CPU
		{782C3918-36E2-41CC-8694-BD179C857886}.Release|Any CPU.Build.0 = Release|Any CPU
	EndGlobalSection
	GlobalSection(SolutionProperties) = preSolution
		HideSolutionNode = FALSE
	EndGlobalSection
	GlobalSection(ExtensibilityGlobals) = postSolution
		SolutionGuid = {57BD53D1-CA61-42EF-81F9-28316CE4C9EE}
	EndGlobalSection
EndGlobal
